dependencies:
- name: attribute-provider
  repository: file://../attribute_provider
  version: 0.0.4
- name: kas
  repository: file://../kas
  version: 1.0.0
- name: eas
  repository: file://../eas
  version: 1.0.0
- name: keycloak-bootstrap
  repository: file://../keycloak_bootstrap
  version: 0.1.6
- name: attribute-authority
  repository: file://../attribute_authority
  version: 1.0.0
- name: entitlement
  repository: file://../entitlement
  version: 1.0.0
- name: tdf-storage
  repository: file://../remote_payload
  version: 1.0.0
digest: sha256:9db3200f6371594fd6ee07acd8a9c65b3d978d3489c1357485ff600fbf842ede
generated: "2021-11-29T16:50:48.47893-05:00"
