dependencies:
- name: attribute-provider
  repository: file://../attribute_provider
  version: 0.0.4
- name: kas
  repository: file://../kas
  version: 1.0.0
- name: eas
  repository: file://../eas
  version: 1.0.0
- name: keycloak-bootstrap
  repository: file://../keycloak_bootstrap
  version: 0.1.6
- name: attributes
  repository: file://../attributes
  version: 1.0.0
- name: entitlements
  repository: file://../entitlements
  version: 1.0.0
- name: tdf-storage
  repository: file://../remote_payload
  version: 1.0.0
digest: sha256:7b87f2ec574effc57cca6164f8a7573485731dd638a533a160105102fddcafed
generated: "2021-12-02T13:48:07.363297-05:00"
