version = 1
revision = 3
requires-python = ">=3.11"

[[package]]
name = "gitdb"
version = "4.0.12"
source = { registry = "https://pypi.org/simple" }
dependencies = [
    { name = "smmap" },
]
sdist = { url = "https://files.pythonhosted.org/packages/72/94/63b0fc47eb32792c7ba1fe1b694daec9a63620db1e313033d18140c2320a/gitdb-4.0.12.tar.gz", hash = "sha256:5ef71f855d191a3326fcfbc0d5da835f26b13fbcba60c32c21091c349ffdb571", size = 394684, upload-time = "2025-01-02T07:20:46.413Z" }
wheels = [
    { url = "https://files.pythonhosted.org/packages/a0/61/5c78b91c3143ed5c14207f463aecfc8f9dbb5092fb2869baf37c273b2705/gitdb-4.0.12-py3-none-any.whl", hash = "sha256:67073e15955400952c6565cc3e707c554a4eea2e428946f7a4c162fab9bd9bcf", size = 62794, upload-time = "2025-01-02T07:20:43.624Z" },
]

[[package]]
name = "gitpython"
version = "3.1.46"
source = { registry = "https://pypi.org/simple" }
dependencies = [
    { name = "gitdb" },
]
sdist = { url = "https://files.pythonhosted.org/packages/df/b5/59d16470a1f0dfe8c793f9ef56fd3826093fc52b3bd96d6b9d6c26c7e27b/gitpython-3.1.46.tar.gz", hash = "sha256:400124c7d0ef4ea03f7310ac2fbf7151e09ff97f2a3288d64a440c584a29c37f", size = 215371, upload-time = "2026-01-01T15:37:32.073Z" }
wheels = [
    { url = "https://files.pythonhosted.org/packages/6a/09/e21df6aef1e1ffc0c816f0522ddc3f6dcded766c3261813131c78a704470/gitpython-3.1.46-py3-none-any.whl", hash = "sha256:79812ed143d9d25b6d176a10bb511de0f9c67b1fa641d82097b0ab90398a2058", size = 208620, upload-time = "2026-01-01T15:37:30.574Z" },
]

[[package]]
name = "smmap"
version = "5.0.2"
source = { registry = "https://pypi.org/simple" }
sdist = { url = "https://files.pythonhosted.org/packages/44/cd/a040c4b3119bbe532e5b0732286f805445375489fceaec1f48306068ee3b/smmap-5.0.2.tar.gz", hash = "sha256:26ea65a03958fa0c8a1c7e8c7a58fdc77221b8910f6be2131affade476898ad5", size = 22329, upload-time = "2025-01-02T07:14:40.909Z" }
wheels = [
    { url = "https://files.pythonhosted.org/packages/04/be/d09147ad1ec7934636ad912901c5fd7667e1c858e19d355237db0d0cd5e4/smmap-5.0.2-py3-none-any.whl", hash = "sha256:b30115f0def7d7531d22a0fb6502488d879e75b260a9db4d0819cfb25403af5e", size = 24303, upload-time = "2025-01-02T07:14:38.724Z" },
]

[[package]]
name = "xtest-sdk"
version = "0.1.0"
source = { editable = "." }
dependencies = [
    { name = "gitpython" },
]

[package.metadata]
requires-dist = [{ name = "gitpython", specifier = "==3.1.46" }]
